PODS:
  - DJI-SDK-iOS (4.2.2)
  - SnapKit (3.2.0)

DEPENDENCIES:
  - DJI-SDK-iOS (= 4.2.2)
  - SnapKit (= 3.2.0)

SPEC CHECKSUMS:
  DJI-SDK-iOS: 7a87288dca778e6fe13e5d55a368b4978d753112
  SnapKit: 1ca44df72cfa543218d177cb8aab029d10d86ea7

PODFILE CHECKSUM: de765c5f35155c1e3ae100a6680f2a0bd8d436f7

COCOAPODS: 1.2.1
